# THIS IS AN AUTOGENERATED FILE. DO NOT EDIT THIS FILE DIRECTLY.
# yarn lockfile v1


"graphql@^15.8.0":
  "integrity" "sha512-5gghUc24tP9HRznNpV2+FIoq3xKkj5dTQqf4v0CpdPbFVwFkWoxOM+o+2OC9ZSvjEMTjfmG9QT+gcvggTwW1zw=="
  "resolved" "https://registry.npmjs.org/graphql/-/graphql-15.8.0.tgz"
  "version" "15.8.0"
